
Microsoft Visual Studio Solution File, Format Version 12.00
# Visual Studio Version 16
VisualStudioVersion = 16.0.33328.57
MinimumVisualStudioVersion = 10.0.40219.1
Project("{F184B08F-C81C-45F6-A57F-5ABD9991F28F}") = "mahjongg", "mahjongg\mahjongg.vbproj", "{840E086A-D6EF-4765-9321-075AC9AD9602}"
EndProject
Global
	GlobalSection(SolutionConfigurationPlatforms) = preSolution
		Debug|Any CPU = Debug|Any CPU
		Release|Any CPU = Release|Any CPU
	EndGlobalSection
	GlobalSection(ProjectConfigurationPlatforms) = postSolution
		{840E086A-D6EF-4765-9321-075AC9AD9602}.Debug|Any CPU.ActiveCfg = Debug|Any CPU
		{840E086A-D6EF-4765-9321-075AC9AD9602}.Debug|Any CPU.Build.0 = Debug|Any CPU
		{840E086A-D6EF-4765-9321-075AC9AD9602}.Release|Any CPU.ActiveCfg = Release|Any CPU
		{840E086A-D6EF-4765-9321-075AC9AD9602}.Release|Any CPU.Build.0 = Release|Any CPU
	EndGlobalSection
	GlobalSection(SolutionProperties) = preSolution
		HideSolutionNode = FALSE
	EndGlobalSection
	GlobalSection(ExtensibilityGlobals) = postSolution
		SolutionGuid = {6B125CBF-656D-4331-9C2E-BF300F0CC8D8}
	EndGlobalSection
EndGlobal
